{
    "_meta": {
        "hash": {
            "sha256": "5da8231f25be683dc006da9cbb92b05ac96a33a07f982cb1f53a02c302efe91c"
        },
        "pipfile-spec": 6,
        "requires": {},
        "sources": [
            {
                "name": "pypi",
                "url": "https://pypi.python.org/simple",
                "verify_ssl": true
            }
        ]
    },
    "default": {
        "certifi": {
            "hashes": [
                "sha256:78884e7c1d4b00ce3cea67b44566851c4343c120abd683433ce934a68ea58872",
                "sha256:d62a0163eb4c2344ac042ab2bdf75399a71a2d8c7d47eac2e2ee91b9d6339569"
            ],
            "version": "==2021.10.8"
        },
        "chardet": {
            "hashes": [
                "sha256:84ab92ed1c4d4f16916e05906b6b75a6c0fb5db821cc65e70cbd64a3e2a5eaae",
                "sha256:fc323ffcaeaed0e0a02bf4d117757b98aed530d9ed4531e3e15460124c106691"
            ],
            "version": "==3.0.4"
        },
        "cycler": {
            "hashes": [
                "sha256:3a27e95f763a428a739d2add979fa7494c912a32c17c4c38c4d5f082cad165a3",
                "sha256:9c87405839a19696e837b3b818fed3f5f69f16f1eec1a1ad77e043dcea9c772f"
            ],
            "markers": "python_version >= '3.6'",
            "version": "==0.11.0"
        },
        "idna": {
            "hashes": [
                "sha256:2c6a5de3089009e3da7c5dde64a141dbc8551d5b7f6cf4ed7c2568d0cc520a8f",
                "sha256:8c7309c718f94b3a625cb648ace320157ad16ff131ae0af362c9f21b80ef6ec4"
            ],
            "version": "==2.6"
        },
        "joblib": {
            "hashes": [
                "sha256:4158fcecd13733f8be669be0683b96ebdbbd38d23559f54dca7205aea1bf1e35",
                "sha256:f21f109b3c7ff9d95f8387f752d0d9c34a02aa2f7060c2135f465da0e5160ff6"
            ],
            "markers": "python_version >= '3.6'",
            "version": "==1.1.0"
        },
        "matplotlib": {
            "hashes": [
                "sha256:063a07660bee266c947e5ac0044053074c3ff3e5398614538d21c29b622ed0bd",
                "sha256:09214eb11171a8426c9c89a236f05f26a76b204e5346dd4382ddcfb74820d467",
                "sha256:11c7ed4716833c5b70f72f6c795a948d413e2af659442aa145d1e91868393084",
                "sha256:14b0ab89e58621105c7b2cfd5ddc6cf13a87ac7cbcc73c287e4003d1f5e40fae",
                "sha256:226f9c3799c16fdfc9be4b64bee2f1956626eddb58b24359247b0fb72afd76a0",
                "sha256:353b56cd2fed8977767356cb686e3bf74789a4abd81e4bdfc4d57b40679fe057",
                "sha256:4a2d2d97266e4e199266b7e409e5e8be4d3b26b4bad2702b70a8ae18f52d97b4",
                "sha256:4b5f16c9cefde553ea79975305dcaa67c8e13d927b6e55aa14b4a8d867e25387",
                "sha256:50aef54b4f947001667c775b1973928cdb3e33024cb93f81b5b024b34b1488a7",
                "sha256:5c50343bc8e70f2b811188790fa899430062ce37696a166374239c838015a995",
                "sha256:a5ba34f1b4d1e81be4df0fd033abd8062dbce2eca5b3a25339edb31e4390568a",
                "sha256:b2e3b1eaf3a2753a1a63826bf4ab7487b383fbef5ef4941b25f4193baaa95d95",
                "sha256:c665d3daf24f95acbd1541681ab1185e283afc046fe4175bfceab2cf26a8620b",
                "sha256:c8579a840a1bd93e00a273aac0be3edd94b805fe4cd2156f01611622032188d1",
                "sha256:d0d7036045e6a08663e428e4ea4af69164cdd79c486d31be835bb2ca7f5f1962",
                "sha256:ea24f02268149aebe4f239635da8183f4e43f9116eebf8fcd365e2d04bc821fe",
                "sha256:f490f684a241cd88003afebc356f5c69bdced22e549fbd50b914f7fe07ce4fa3",
                "sha256:fa6155cf41857135bff125419256ccab6ce81e0cd63fac60a7c673efa8a989dd"
            ],
            "index": "pypi",
            "version": "==2.1.0"
        },
        "numpy": {
            "hashes": [
                "sha256:0d245a2bf79188d3f361137608c3cd12ed79076badd743dc660750a9f3074f7c",
                "sha256:26b4018a19d2ad9606ce9089f3d52206a41b23de5dfe8dc947d2ec49ce45d015",
                "sha256:2db01d9838a497ba2aa9a87515aeaf458f42351d72d4e7f3b8ddbd1eba9479f2",
                "sha256:3d62d6b0870b53799204515145935608cdeb4cebb95a26800b6750e48884cc5b",
                "sha256:45a7dfbf9ed8d68fd39763940591db7637cf8817c5bce1a44f7b56c97cbe211e",
                "sha256:4ac4d7c9f8ea2a79d721ebfcce81705fc3cd61a10b731354f1049eb8c99521e8",
                "sha256:60f19c61b589d44fbbab8ff126640ae712e163299c2dd422bfe4edc7ec51aa9b",
                "sha256:632e062569b0fe05654b15ef0e91a53c0a95d08ffe698b66f6ba0f927ad267c2",
                "sha256:65f5e257987601fdfc63f1d02fca4d1c44a2b85b802f03bd6abc2b0b14648dd2",
                "sha256:69958735d5e01f7b38226a6c6e7187d72b7e4d42b6b496aca5860b611ca0c193",
                "sha256:78bfbdf809fc236490e7e65715bbd98377b122f329457fffde206299e163e7f3",
                "sha256:7e957ca8112c689b728037cea9c9567c27cf912741fabda9efc2c7d33d29dfa1",
                "sha256:800dfeaffb2219d49377da1371d710d7952c9533b57f3d51b15e61c4269a1b5b",
                "sha256:831f2df87bd3afdfc77829bc94bd997a7c212663889d56518359c827d7113b1f",
                "sha256:88d54b7b516f0ca38a69590557814de2dd638d7d4ed04864826acaac5ebb8f01",
                "sha256:8d1563060e77096367952fb44fca595f2b2f477156de389ce7c0ade3aef29e21",
                "sha256:b5ec9a5eaf391761c61fd873363ef3560a3614e9b4ead17347e4deda4358bca4",
                "sha256:bcd19dab43b852b03868796f533b5f5561e6c0e3048415e675bec8d2e9d286c1",
                "sha256:c51124df17f012c3b757380782ae46eee85213a3215e51477e559739f57d9bf6",
                "sha256:e348ccf5bc5235fc405ab19d53bec215bb373300e5523c7b476cc0da8a5e9973",
                "sha256:e60ef82c358ded965fdd3132b5738eade055f48067ac8a5a8ac75acc00cad31f",
                "sha256:f8ad59e6e341f38266f1549c7c2ec70ea0e3d1effb62a44e5c3dba41c55f0187"
            ],
            "markers": "python_version >= '3.8'",
            "version": "==1.22.1"
        },
        "oauthlib": {
            "hashes": [
                "sha256:42bf6354c2ed8c6acb54d971fce6f88193d97297e18602a3a886603f9d7730cc",
                "sha256:8f0215fcc533dd8dd1bee6f4c412d4f0cd7297307d43ac61666389e3bc3198a3"
            ],
            "markers": "python_version >= '3.6'",
            "version": "==3.1.1"
        },
        "olefile": {
            "hashes": [
                "sha256:133b031eaf8fd2c9399b78b8bc5b8fcbe4c31e85295749bb17a87cba8f3c3964"
            ],
            "markers": "python_version >= '2.7' and python_version not in '3.0, 3.1, 3.2, 3.3'",
            "version": "==0.46"
        },
        "pillow": {
            "hashes": [
                "sha256:0163bd681d3488e2e9c26f4fbbfefcfb7f32259c431bfd2c3bc25574708a8b8c",
                "sha256:0ac037e6c1746d63a1ea354f0d5974d8f3f984fc0333be373ad193711a89b1e9",
                "sha256:0e3b56364a2c772c961a8faad8a835d3f24d8848310de035c9e07cc006035cbc",
                "sha256:150e24462fd106074a9a63417a55fbb0c633716cef9511f1bd7a773972de14f4",
                "sha256:1ab641cb7daf88e88ede8d3b89b7bd68a7099d8671160492d5e6845e24426080",
                "sha256:1d742642d01914b7e0cf6fd597a51f57d21fd68f794cf84803e03e72db78a261",
                "sha256:2046a2001e2c413998951cc28aa0dbfd4cff846a12e24c2145d42630d5104094",
                "sha256:223b06c337d8d60fb65af3b540ab1fa4644931d61d1fddf6e32f7a0e496685f2",
                "sha256:250d8470661fd657c2583672ab5139f40e7f2ef28ecdc90f87563af0b27f6fba",
                "sha256:39c7c9dcf64430091e30ef14d4191b4cae9b7b5ff29762357730aac4866fb189",
                "sha256:42b4a67949085ddd4559c3c716a00a275fb45cb2c3a3aeec95c4b94419b7c243",
                "sha256:4d3dbd93b131013a71b2e98530dd4945a03c7994d42381e44a921dd8bec300bc",
                "sha256:4fb8ab0f8895fb946454ef6ffe806f49ee387095f2d6112ae24670e5fb8fbcd9",
                "sha256:53eaec751151b5713a15b1cd62b06d0fc16d72f56623c15448728c554c30770b",
                "sha256:54898190b538a6c8fa4228e866ff2e7609da1ba9fd1d9cc5dc8ca591d37ce0a8",
                "sha256:575a9b3468c82f38be0419cd39d35001ae95a0cc5226534e45430035fecef583",
                "sha256:59cef683d79b85d55a950c1e61dc7b6be0c45a5074692746354cd9a8ace1cd17",
                "sha256:62a7bbf0a1120ff07a99ddedd383779a8d80bd9d363f3964b2b43a26cef6ea50",
                "sha256:6d814aa655d94c63547fc3208cb6ab886ff1a64c543b31f52658663b1bb3f011",
                "sha256:759e5e3e99c4ac87b99e9288a75236c63173d1bb24c8d3f9d9d2c8332fceeb0a",
                "sha256:77834551d3e928f3da922ce9dfb5c8db46758ea2f2922d4c5835a5b67a222aff",
                "sha256:7b3cf7a80608ed661b77793f64e1f2bd1e77136ad0b750aa2c81fac9c7e2c785",
                "sha256:822e4fc261d12fa44d88dadee0e93d59663db94d962d4ffffbf09b1fe5e5be51",
                "sha256:8989cbf10ea07fc9982ec86116f6234bb3e44da481874ac94650d6176f60106f",
                "sha256:9184b9788a9cf677e53626a4dc141136a22d349a5480479b98defd3cfb5015a4",
                "sha256:92087cb92a968421f42235f7d8153f4766b6ba213a6efb36b8060f3c9d294569",
                "sha256:922aeb050bd52d8ce9531ab57fd2440bfe975900e8700fec385fb741c3c557c7",
                "sha256:9a1514bee2e32e0d4c0f55ba7a20f4387f883e37c7d2db64ca50449ffebe86cc",
                "sha256:9adcfa2477b7e279ebeee75b49f535518201bbd7d26ca2ef1cf6751cb6e658e8",
                "sha256:9dc002a914cefa710dcb9fb204d34f6cd822662047a6038178f5fc9bfa7be961",
                "sha256:a336596b06e062b92eb8201a3b5dff07ae01c3a5d08ce5539d2da49b123f2be6",
                "sha256:a6f43511c79bed431ec2b56e55150b5222c732cd9e5f80e77a44e068e94c71fc",
                "sha256:a9721fe1f6fdfe0c108ea81b1a05dc216f1ec5bb65ef1de1d85fd00494d019e0",
                "sha256:a97c715d44efd5b4aa8d739b8fad88b93ed79f1b33fc2822d5802043f3b1b527",
                "sha256:a9bad3405a642649e68568fe9832e8f6ae585354ab0b4ae250816ead11a553a2",
                "sha256:b13106cb83a3b7d1a02fafb94bfafbc980465ba948b76ea1996245959c6783d2",
                "sha256:be803fae6af36639524a0f6861a8cface67bbec66c3416c3eaf592f1d45b8b20",
                "sha256:c00301e807084706bd46a1c56694ee235debe68eaf482c0186edfe07b93a9f6a",
                "sha256:cc6a5ed5b8f9d2f25e4e42d562e0ec4df3ce838f9e9b9d9d9b65fac6fe93a4cc",
                "sha256:ccc9c1f5ba413fc5ee09bc78de7dd2ad8e189edb48f3bc38acedd04a7f43a0c1",
                "sha256:dbefe5aa0882f00f12eceb3fb7df57105cd87fae767ca025db4685b7577c2390",
                "sha256:dc32362d0cadf18c3aef7040455760106cafe7dd3c211dc27c507e746376bb56",
                "sha256:e595312f67962d6b4fde3b7dffaaaca4becefa522d677676bb57b0ec5f8f921a",
                "sha256:e66080685863444738f08e13081c287e340b6e4f8bd674a2e0da967776ac6f46",
                "sha256:e75d745306ec8aac0e6903358fdfc7fb6854febe551ed753ee7a1cad058b61bb",
                "sha256:effa82e72f5064439a3d2c7ff615b999eb1c4d65bb1f1e6ee6e2ddb345b3e81e",
                "sha256:f2d71951f473744ac617b645b62d0c4df5372ef4618c425646bfe5e2e8878e61"
            ],
            "index": "pypi",
            "version": "==4.3.0"
        },
        "pyparsing": {
            "hashes": [
                "sha256:18ee9022775d270c55187733956460083db60b37d0d0fb357445f3094eed3eea",
                "sha256:a6c06a88f252e6c322f65faf8f418b16213b51bdfaece0524c1c1bc30c63c484"
            ],
            "markers": "python_version >= '3.6'",
            "version": "==3.0.7"
        },
        "python-dateutil": {
            "hashes": [
                "sha256:0123cacc1627ae19ddf3c27a5de5bd67ee4586fbdd6440d9748f8abb483d3e86",
                "sha256:961d03dc3453ebbc59dbdea9e4e11c5651520a876d0f4db161e8674aae935da9"
            ],
            "markers": "python_version >= '2.7' and python_version not in '3.0, 3.1, 3.2, 3.3'",
            "version": "==2.8.2"
        },
        "pytz": {
            "hashes": [
                "sha256:3672058bc3453457b622aab7a1c3bfd5ab0bdae451512f6cf25f64ed37f5b87c",
                "sha256:acad2d8b20a1af07d4e4c9d2e9285c5ed9104354062f275f3fcd88dcef4f1326"
            ],
            "version": "==2021.3"
        },
        "requests": {
            "hashes": [
                "sha256:6a1b267aa90cac58ac3a765d067950e7dbbf75b1da07e895d1f594193a40a38b",
                "sha256:9c443e7324ba5b85070c4a818ade28bfabedf16ea10206da1132edaa6dda237e"
            ],
            "index": "pypi",
            "version": "==2.18.4"
        },
        "requests-oauthlib": {
            "hashes": [
                "sha256:7f71572defaecd16372f9006f33c2ec8c077c3cfa6f5911a9a90202beb513f3d",
                "sha256:b4261601a71fd721a8bd6d7aa1cc1d6a8a93b4a9f5e96626f8e4d91e8beeaa6a",
                "sha256:fa6c47b933f01060936d87ae9327fead68768b69c6c9ea2109c48be30f2d4dbc"
            ],
            "version": "==1.3.0"
        },
        "scikit-learn": {
            "hashes": [
                "sha256:038f4e9d6ef10e1f3fe82addc3a14735c299866eb10f2c77c090410904828312",
                "sha256:06ffdcaaf81e2a3b1b50c3ac6842cfb13df2d8b737d61f64643ed61da7389cde",
                "sha256:0e71ce9c7cbc20f6f8b860107ce15114da26e8675238b4b82b7e7cd37ca0c087",
                "sha256:1eec963fe9ffc827442c2e9333227c4d49749a44e592f305398c1db5c1563393",
                "sha256:2754c85b2287333f9719db7f23fb7e357f436deed512db3417a02bf6f2830aa5",
                "sha256:2db429090b98045d71218a9ba913cc9b3fe78e0ba0b6b647d8748bc6d5a44080",
                "sha256:39b7e3b71bcb1fe46397185d6c1a5db1c441e71c23c91a31e7ad8cc3f7305f9a",
                "sha256:3cbd734e1aefc7c5080e6b6973fe062f97c26a1cdf1a991037ca196ce1c8f427",
                "sha256:40556bea1ef26ef54bc678d00cf138a63069144a0b5f3a436eecd8f3468b903e",
                "sha256:48f273836e19901ba2beecd919f7b352f09310ce67c762f6e53bc6b81cacf1f0",
                "sha256:49ec0b1361da328da9bb7f1a162836028e72556356adeb53342f8fae6b450d47",
                "sha256:4e6198675a6f9d333774671bd536668680eea78e2e81c0b19e57224f58d17f37",
                "sha256:5beaeb091071625e83f5905192d8aecde65ba2f26f8b6719845bbf586f7a04a1",
                "sha256:5ff3e4e4cf7592d36541edec434e09fb8ab9ba6b47608c4ffe30c9038d301897",
                "sha256:62214d2954377fcf3f31ec867dd4e436df80121e7a32947a0b3244f58f45e455",
                "sha256:7be1b88c23cfac46e06404582215a917017cd2edaa2e4d40abe6aaff5458f24b",
                "sha256:8fac72b9688176922f9f54fda1ba5f7ffd28cbeb9aad282760186e8ceba9139a",
                "sha256:90a297330f608adeb4d2e9786c6fda395d3150739deb3d42a86d9a4c2d15bc1d",
                "sha256:a2a47449093dcf70babc930beba2ca0423cb7df2fa5fd76be5260703d67fa574",
                "sha256:ae19ac105cf7ce8c205a46166992fdec88081d6e783ab6e38ecfbe45729f3c39",
                "sha256:ae426e3a52842c6b6d77d00f906b6031c8c2cfdfabd6af7511bb4bc9a68d720e",
                "sha256:cbdb0b3db99dd1d5f69d31b4234367d55475add31df4d84a3bd690ef017b55e2",
                "sha256:cdf24c1b9bbeb4936456b42ac5bd32c60bb194a344951acb6bfb0cddee5439a4",
                "sha256:d14701a12417930392cd3898e9646cf5670c190b933625ebe7511b1f7d7b8736",
                "sha256:d177fe1ff47cc235942d628d41ee5b1c6930d8f009f1a451c39b5411e8d0d4cf",
                "sha256:d5bf9c863ba4717b3917b5227463ee06860fc43931dc9026747de416c0a10fee",
                "sha256:dd968a174aa82f3341a615a033fa6a8169e9320cbb46130686562db132d7f1f0",
                "sha256:f0ed4483c258fb23150e31b91ea7d25ff8495dba108aea0b0d4206a777705350",
                "sha256:f18c3ed484eeeaa43a0d45dc2efb4d00fc6542ccdcfa2c45d7b635096a2ae534",
                "sha256:f1d2108e770907540b5248977e4cff9ffaf0f73d0d13445ee938df06ca7579c6",
                "sha256:f3ec00f023d84526381ad0c0f2cff982852d035c921bbf8ceb994f4886c00c64",
                "sha256:f74429a07fedb36a03c159332b914e6de757176064f9fed94b5f79ebac07d913",
                "sha256:fec42690a2eb646b384eafb021c425fab48991587edb412d4db77acc358b27ce"
            ],
            "markers": "python_version >= '3.6'",
            "version": "==0.24.2"
        },
        "scipy": {
            "hashes": [
                "sha256:023ee29faa76c184a607e21076f097dc32f3abba7c71ece374588f95920aa993",
                "sha256:1e8fedf602859b541ebae78667ccfc53158edef58d9ee19ee659309004565952",
                "sha256:2a26d06a642e3c9107ca06df125f5dc5507abe2b87fd7865415d03ab654b0b43",
                "sha256:2a3b6ceadbb58d8b8d4a329f8219f9e6f17757ec6c85baf03987bbd2b728c263",
                "sha256:2c9e87d556b83a8e11de7a064856c3997bbaff7f9cf62bf63ff0623751549e4c",
                "sha256:2dc9bcfaa585d9d941fb1add0d160556fe8587c3800264a77643695565a2d279",
                "sha256:4118647273c907ed984da52b71fa2bbb30229f1820fb79b1ed087c8bc9a20cca",
                "sha256:4c26ef44e8bb2cd2aef11c60d163caa04670d6f42996789b209526677310ded2",
                "sha256:4de84e3870228e8afd55a6e63e762aa7c9d1e3bd9a9ef5ab716835a69c77d257",
                "sha256:78713101b32af384c564837fd7ae665a2a72cb6d49edbd8f32148d74724a65a8",
                "sha256:909be30bdd1d8cd57609760ea72a1499543169ed6ea5c66fad50946582682cf8",
                "sha256:93825cc80c638d901099f657dfff852ad2421beb51cb7d1d3f91157741ebe287",
                "sha256:a19a2ca7a7336495ec180adeaa0dfdcf41e96dbbee90d51c3ed828ba570884e6",
                "sha256:b3e97be2cd9f052d984fc5ba2d441897971b744c64d658617944c47bc366f8ff",
                "sha256:b87a923ed390ba0aafcbbcc6f0e023d495f19d2bd22ae59bdef3b0aec6485b39"
            ],
            "index": "pypi",
            "version": "==0.19.1"
        },
        "six": {
            "hashes": [
                "sha256:1e61c37477a1626458e36f7b1d82aa5c9b094fa4802892072e49de9c60c4c926",
                "sha256:8abb2f1d86890a2dfb989f9a77cfcfd3e47c2a354b01111771326f8aa26e0254"
            ],
            "markers": "python_version >= '2.7' and python_version not in '3.0, 3.1, 3.2, 3.3'",
            "version": "==1.16.0"
        },
        "sklearn": {
            "hashes": [
                "sha256:e23001573aa194b834122d2b9562459bf5ae494a2d59ca6b8aa22c85a44c0e31"
            ],
            "index": "pypi",
            "version": "==0.0"
        },
        "threadpoolctl": {
            "hashes": [
                "sha256:4fade5b3b48ae4b1c30f200b28f39180371104fccc642e039e0f2435ec8cc211",
                "sha256:d03115321233d0be715f0d3a5ad1d6c065fe425ddc2d671ca8e45e9fd5d7a52a"
            ],
            "markers": "python_version >= '3.6'",
            "version": "==3.0.0"
        },
        "tweepy": {
            "hashes": [
                "sha256:12449b5ca16b0be6a3ea68fb41992627227b48bbad8cd7d5912039340d36badc",
                "sha256:f00ccf5f48c30d559ce0b750dfe3b2df6668dc799d8ce276fd90bfaa68845a58"
            ],
            "index": "pypi",
            "version": "==3.5.0"
        },
        "urllib3": {
            "hashes": [
                "sha256:06330f386d6e4b195fbfc736b297f58c5a892e4440e54d294d7004e3a9bbea1b",
                "sha256:cc44da8e1145637334317feebd728bd869a35285b93cbb4cca2577da7e62db4f"
            ],
            "version": "==1.22"
        }
    },
    "develop": {
        "backcall": {
            "hashes": [
                "sha256:5cbdbf27be5e7cfadb448baf0aa95508f91f2bbc6c6437cd9cd06e2a4c215e1e",
                "sha256:fbbce6a29f263178a1f7915c1940bde0ec2b2a967566fe1c65c1dfb7422bd255"
            ],
            "version": "==0.2.0"
        },
        "decorator": {
            "hashes": [
                "sha256:637996211036b6385ef91435e4fae22989472f9d571faba8927ba8253acbc330",
                "sha256:b8c3f85900b9dc423225913c5aace94729fe1fa9763b38939a95226f02d37186"
            ],
            "markers": "python_version >= '3.5'",
            "version": "==5.1.1"
        },
        "ipython": {
            "hashes": [
                "sha256:5ac47dc9af66fc2f5530c12069390877ae372ac905edca75a92a6e363b5d7caa",
                "sha256:c0427ed8bc33ac481faf9d3acf7e84e0010cdaada945e0badd1e2e74cc075833"
            ],
            "index": "pypi",
            "version": "==7.16.3"
        },
        "jedi": {
            "hashes": [
                "sha256:86ed7d9b750603e4ba582ea8edc678657fb4007894a12bcf6f4bb97892f31d20",
                "sha256:98cc583fa0f2f8304968199b01b6b4b94f469a1f4a74c1560506ca2a211378b5"
            ],
            "markers": "python_version >= '2.7' and python_version not in '3.0, 3.1, 3.2, 3.3, 3.4'",
            "version": "==0.17.2"
        },
        "parso": {
            "hashes": [
                "sha256:97218d9159b2520ff45eb78028ba8b50d2bc61dcc062a9682666f2dc4bd331ea",
                "sha256:caba44724b994a8a5e086460bb212abc5a8bc46951bf4a9a1210745953622eb9"
            ],
            "markers": "python_version >= '2.7' and python_version not in '3.0, 3.1, 3.2, 3.3'",
            "version": "==0.7.1"
        },
        "pexpect": {
            "hashes": [
                "sha256:0b48a55dcb3c05f3329815901ea4fc1537514d6ba867a152b581d69ae3710937",
                "sha256:fc65a43959d153d0114afe13997d439c22823a27cefceb5ff35c2178c6784c0c"
            ],
            "markers": "sys_platform != 'win32'",
            "version": "==4.8.0"
        },
        "pickleshare": {
            "hashes": [
                "sha256:87683d47965c1da65cdacaf31c8441d12b8044cdec9aca500cd78fc2c683afca",
                "sha256:9649af414d74d4df115d5d718f82acb59c9d418196b7b4290ed47a12ce62df56"
            ],
            "version": "==0.7.5"
        },
        "prompt-toolkit": {
            "hashes": [
                "sha256:1bb05628c7d87b645974a1bad3f17612be0c29fa39af9f7688030163f680bad6",
                "sha256:e56f2ff799bacecd3e88165b1e2f5ebf9bcd59e80e06d395fa0cc4b8bd7bb506"
            ],
            "markers": "python_full_version >= '3.6.2'",
            "version": "==3.0.24"
        },
        "ptyprocess": {
            "hashes": [
                "sha256:4b41f3967fce3af57cc7e94b888626c18bf37a083e3651ca8feeb66d492fef35",
                "sha256:5c5d0a3b48ceee0b48485e0c26037c0acd7d29765ca3fbb5cb3831d347423220"
            ],
            "version": "==0.7.0"
        },
        "pygments": {
            "hashes": [
                "sha256:44238f1b60a76d78fc8ca0528ee429702aae011c265fe6a8dd8b63049ae41c65",
                "sha256:4e426f72023d88d03b2fa258de560726ce890ff3b630f88c21cbb8b2503b8c6a"
            ],
            "markers": "python_version >= '3.5'",
            "version": "==2.11.2"
        },
        "setuptools": {
            "hashes": [
                "sha256:2404879cda71495fc4d5cbc445ed52fdaddf352b36e40be8dcc63147cb4edabe",
                "sha256:68eb94073fc486091447fcb0501efd6560a0e5a1839ba249e5ff3c4c93f05f90"
            ],
            "markers": "python_version >= '3.7'",
            "version": "==60.5.0"
        },
        "traitlets": {
            "hashes": [
                "sha256:059f456c5a7c1c82b98c2e8c799f39c9b8128f6d0d46941ee118daace9eb70c7",
                "sha256:2d313cc50a42cd6c277e7d7dc8d4d7fedd06a2c215f78766ae7b1a66277e0033"
            ],
            "markers": "python_version >= '3.7'",
            "version": "==5.1.1"
        },
        "wcwidth": {
            "hashes": [
                "sha256:beb4802a9cebb9144e99086eff703a642a13d6a0052920003a230f3294bbe784",
                "sha256:c4d647b99872929fdb7bdcaa4fbe7f01413ed3d98077df798530e5b04f116c83"
            ],
            "version": "==0.2.5"
        }
    }
}
